<Solution>
  <Folder Name="/src/">
    <Project Path="src/RunicAssets/RunicAssets.csproj" />
    <Project Path="src/RunicAssets.AspNetCore/RunicAssets.AspNetCore.csproj" />
    <Project Path="src/RunicAssets.CsWebUi/RunicAssets.CsWebUi.csproj" />
  </Folder>
  <Folder Name="/tests/">
    <Project Path="tests/RunicAssets.Tests/RunicAssets.Tests.csproj" />
  </Folder>
</Solution>
