<Solution>
  <Folder Name="/src/">
    <Project Path="src/RunicCommandLine.Abstractions/RunicCommandLine.Abstractions.csproj" />
    <Project Path="src/RunicCommandLine/RunicCommandLine.csproj" />
    <Project Path="src/RunicCommandLine.Hosting/RunicCommandLine.Hosting.csproj" />
    <Project Path="src/RunicCommandLine.Processes/RunicCommandLine.Processes.csproj" />
  </Folder>
  <Folder Name="/tests/">
    <Project Path="tests/RunicCommandLine.AotSmoke/RunicCommandLine.AotSmoke.csproj" />
    <Project Path="tests/RunicCommandLine.Contracts.Tests/RunicCommandLine.Contracts.Tests.csproj" />
    <Project Path="tests/RunicCommandLine.Hosting.Tests/RunicCommandLine.Hosting.Tests.csproj" />
    <Project Path="tests/RunicCommandLine.Processes.Tests/RunicCommandLine.Processes.Tests.csproj" />
    <Project Path="tests/RunicCommandLine.Tests/RunicCommandLine.Tests.csproj" />
  </Folder>
</Solution>
