<Solution>
  <Folder Name="/apps/">
    <Project Path="apps/translations-editor/Runic.Translations.Editor.csproj" />
  </Folder>
  <Folder Name="/examples/">
    <Project Path="examples/command-line/HelloCli.csproj" />
    <Project Path="examples/command-line/hello-world/HelloWorld.csproj" />
    <Project Path="examples/command-line/Tests/HelloCli.ExampleTests.csproj" />
    <Project Path="examples/first-window/FirstWindow.csproj" />
    <Project Path="examples/first-window-desktop/FirstWindowDesktop.csproj" />
    <Project Path="examples/notes-view-first/NotesViewFirst.csproj" />
    <Project Path="examples/notes-reactive-views/NotesReactiveViews.csproj" />
  </Folder>
  <Folder Name="/packages/dotnet/">
    <Project Path="packages/dotnet/Runic.Platform/Runic.Platform.csproj" />
    <Project Path="packages/dotnet/Runic.Platform.Runtime/Runic.Platform.Runtime.csproj" />
    <Project Path="packages/dotnet/Runic.Platform.Windows/Runic.Platform.Windows.csproj" />
    <Project Path="packages/dotnet/Runic.Platform.Administration.Windows/Runic.Platform.Administration.Windows.csproj" />
    <Project Path="packages/dotnet/Runic.Platform.Linux/Runic.Platform.Linux.csproj" />
    <Project Path="packages/dotnet/Runic.Platform.MacOS/Runic.Platform.MacOS.csproj" />
    <Project Path="packages/dotnet/Runic.Assets.AspNetCore/Runic.Assets.AspNetCore.csproj" />
    <Project Path="packages/dotnet/Runic.Assets.Desktop/Runic.Assets.Desktop.csproj" />
    <Project Path="packages/dotnet/Runic.Assets/Runic.Assets.csproj" />
    <Project Path="packages/dotnet/Runic.CommandLine.Generators/Runic.CommandLine.Generators.csproj" />
    <Project Path="packages/dotnet/Runic.CommandLine.Processes/Runic.CommandLine.Processes.csproj" />
    <Project Path="packages/dotnet/Runic.CommandLine.Testing/Runic.CommandLine.Testing.csproj" />
    <Project Path="packages/dotnet/Runic.CommandLine.Spectre/Runic.CommandLine.Spectre.csproj" />
    <Project Path="packages/dotnet/Runic.CommandLine/Runic.CommandLine.csproj" />
    <Project Path="packages/dotnet/Runic.Desktop/Runic.Desktop.csproj" />
    <Project Path="packages/dotnet/Runic.Platform.Linux.Gtk4/Runic.Platform.Linux.Gtk4.csproj" />
    <Project Path="packages/dotnet/Runic.Platform.Linux.Portal/Runic.Platform.Linux.Portal.csproj" />
    <Project Path="packages/dotnet/Runic.Desktop.Gtk4/Runic.Desktop.Gtk4.csproj" />
    <Project Path="packages/dotnet/Runic.Translations.Authoring/Runic.Translations.Authoring.csproj" />
    <Project Path="packages/dotnet/Runic.Translations.Build/Runic.Translations.Build.csproj" />
    <Project Path="packages/dotnet/Runic.Translations.Generator/Runic.Translations.Generator.csproj" />
    <Project Path="packages/dotnet/Runic.Translations.Tooling/Runic.Translations.Tooling.csproj" />
    <Project Path="packages/dotnet/Runic.Translations.Wpf/Runic.Translations.Wpf.csproj" />
    <Project Path="packages/dotnet/Runic.Translations/Runic.Translations.csproj" />
    <Project Path="packages/dotnet/Runic.Application.Views/Runic.Application.Views.csproj" />
    <Project Path="packages/dotnet/Runic.Application.Views.ReactiveUI/Runic.Application.Views.ReactiveUI.csproj" />
    <Project Path="packages/dotnet/Runic.Application.Views.CsWebUi/Runic.Application.Views.CsWebUi.csproj" />
    <Project Path="packages/dotnet/Runic.Application.Desktop/Runic.Application.Desktop.csproj" />
  </Folder>
  <Folder Name="/tests/fixtures/desktop/">
    <Project Path="tests/fixtures/desktop/samples/Runic.Desktop.Sample/Runic.Desktop.Sample.csproj" />
  </Folder>
  <Folder Name="/tests/dotnet/">
    <Project Path="tests/dotnet/Runic.Platform.Administration.Windows.Tests/Runic.Platform.Administration.Windows.Tests.csproj" />
    <Project Path="tests/dotnet/Runic.Platform.Administration.Windows.ApiTests/Runic.Platform.Administration.Windows.ApiTests.csproj" />
    <Project Path="tests/dotnet/Runic.Platform.Windows.Tests/Runic.Platform.Windows.Tests.csproj" />
    <Project Path="tests/dotnet/Runic.Platform.Runtime.Tests/Runic.Platform.Runtime.Tests.csproj" />
    <Project Path="tests/dotnet/Runic.Platform.Linux.Tests/Runic.Platform.Linux.Tests.csproj" />
    <Project Path="tests/dotnet/Runic.Platform.Linux.Portal.Tests/Runic.Platform.Linux.Portal.Tests.csproj" />
    <Project Path="tests/dotnet/Runic.Platform.MacOS.Tests/Runic.Platform.MacOS.Tests.csproj" />
    <Project Path="tests/dotnet/Runic.Assets.Desktop.Tests/Runic.Assets.Desktop.Tests.csproj" />
    <Project Path="tests/dotnet/Runic.Assets.Tests/Runic.Assets.Tests.csproj" />
    <Project Path="tests/dotnet/Runic.CommandLine.Contracts.Tests/Runic.CommandLine.Contracts.Tests.csproj" />
    <Project Path="tests/dotnet/Runic.CommandLine.Hosting.Tests/Runic.CommandLine.Hosting.Tests.csproj" />
    <Project Path="tests/dotnet/Runic.CommandLine.Processes.Tests/Runic.CommandLine.Processes.Tests.csproj" />
    <Project Path="tests/dotnet/Runic.CommandLine.Tests/Runic.CommandLine.Tests.csproj" />
    <Project Path="tests/dotnet/Runic.Desktop.Tests/Runic.Desktop.Tests.csproj" />
    <Project Path="tests/dotnet/Runic.Application.Tool.Tests/Runic.Application.Tool.Tests.csproj" />
    <Project Path="tests/dotnet/Runic.Translations.ApiTests/Runic.Translations.ApiTests.csproj" />
    <Project Path="tests/dotnet/Runic.Translations.Authoring.Tests/Runic.Translations.Authoring.Tests.csproj" />
    <Project Path="tests/dotnet/Runic.Translations.Build.Tests/Runic.Translations.Build.Tests.csproj" />
    <Project Path="tests/dotnet/Runic.Translations.Compiler.Tests/Runic.Translations.Compiler.Tests.csproj" />
    <Project Path="tests/dotnet/Runic.Translations.Generator.Tests/Runic.Translations.Generator.Tests.csproj" />
    <Project Path="tests/dotnet/Runic.Translations.Runtime.Tests/Runic.Translations.Runtime.Tests.csproj" />
    <Project Path="tests/dotnet/Runic.Translations.Rmf2AotTests/Runic.Translations.Rmf2AotTests.csproj" />
    <Project Path="tests/dotnet/Runic.Translations.Tooling.Tests/Runic.Translations.Tooling.Tests.csproj" />
    <Project Path="tests/dotnet/Runic.Translations.Wpf.Tests/Runic.Translations.Wpf.Tests.csproj" />
  </Folder>
  <Folder Name="/tests/fixtures/">
  </Folder>
  <Folder Name="/tests/native/">
    <Project Path="tests/native/Runic.CommandLine.AotSmoke/Runic.CommandLine.AotSmoke.csproj" />
    <Project Path="tests/native/Runic.Desktop.ComparativeStressAdapter/Runic.Desktop.ComparativeStressAdapter.csproj" />
    <Project Path="tests/native/Runic.Desktop.WebViewSmoke/Runic.Desktop.WebViewSmoke.csproj" />
    <Project Path="tests/native/Runic.Desktop.Gtk4.Smoke/Runic.Desktop.Gtk4.Smoke.csproj" />
  </Folder>
  <Folder Name="/tools/">
    <Project Path="tools/Runic.Administration.Verify/Runic.Administration.Verify.csproj" />
    <Project Path="tools/Runic.Assets.Packer/Runic.Assets.Packer.csproj" />
    <Project Path="tools/Runic.Translations.Compiler/Runic.Translations.Compiler.csproj" />
    <Project Path="tools/Runic.Translations.Templates/Runic.Translations.Templates.csproj" />
    <Project Path="tools/Runic.Application.Templates/Runic.Application.Templates.csproj" />
    <Project Path="tools/dotnet-runic/Runic.Application.Tool.csproj" />
    <Project Path="tools/dotnet-runic-translations/dotnet-runic-translations.csproj" />
    <Project Path="tools/Runic.Application.Views.Codegen/Runic.Application.Views.Codegen.csproj" />
    <Project Path="tools/Runic.Application.Views.Codegen.Toolkit/Runic.Application.Views.Codegen.Toolkit.csproj" />
    <Project Path="tools/Runic.Application.Views.Codegen.ReactiveUI/Runic.Application.Views.Codegen.ReactiveUI.csproj" />
  </Folder>
</Solution>
