{
  "version": 2,
  "dependencies": {
    "net10.0": {
      "Microsoft.NET.ILLink.Tasks": {
        "type": "Direct",
        "requested": "[10.0.12, )",
        "resolved": "10.0.12",
        "contentHash": "xi+BDjFpW+Sb+MHFHaH6Y/gV9I8BluFwRXc1QyCdoZbIK26eNiBeFuMTe/FMwc33G1wdHCyDg7CVTmb8OdQrMQ=="
      },
      "runic.platform": {
        "type": "Project"
      },
      "runic.platform.macos": {
        "type": "Project",
        "dependencies": {
          "Runic.Platform.Runtime": "[0.7.0-preview.1, )"
        }
      },
      "runic.platform.runtime": {
        "type": "Project",
        "dependencies": {
          "Runic.Platform": "[0.7.0-preview.1, )"
        }
      }
    }
  }
}