{
  "version": 2,
  "dependencies": {
    "net10.0": {
      "Microsoft.CodeAnalysis.PublicApiAnalyzers": {
        "type": "Direct",
        "requested": "[5.6.0, )",
        "resolved": "5.6.0",
        "contentHash": "W4kJGezNIKLzo0Ak5FAQDFvkMf2U7DtGL4THmHyRSApfKsKt5V+eX/bU0ZLKAt/uf9Bb2o1bi0YDKj/GRB/vYQ=="
      },
      "Microsoft.Extensions.DependencyInjection.Abstractions": {
        "type": "Direct",
        "requested": "[10.0.12, )",
        "resolved": "10.0.12",
        "contentHash": "9/qymSh7hVDMGTGwrLz8MRp5zRyXy9adGDOs4HwRdnLil3oZGYuWeZjbmHgCQ9BL1qBroVfgUK3U/nb61617Cw=="
      },
      "Microsoft.NET.ILLink.Tasks": {
        "type": "Direct",
        "requested": "[10.0.12, )",
        "resolved": "10.0.12",
        "contentHash": "xi+BDjFpW+Sb+MHFHaH6Y/gV9I8BluFwRXc1QyCdoZbIK26eNiBeFuMTe/FMwc33G1wdHCyDg7CVTmb8OdQrMQ=="
      },
      "ReactiveUI": {
        "type": "Direct",
        "requested": "[26.0.1, )",
        "resolved": "26.0.1",
        "contentHash": "/TTrqJ++MkBdNqDNZqOWDFfsOfVCSik3sTmXPqrYnIp7lMspXqXwL7dQEWcycqWSxkPdYt6UxXYLJfGRObB06g==",
        "dependencies": {
          "ReactiveUI.Binding": "9.1.0",
          "ReactiveUI.Core": "26.0.1",
          "ReactiveUI.Disposables": "9.0.0",
          "ReactiveUI.Primitives": "9.0.0",
          "ReactiveUI.Primitives.Core": "9.0.0",
          "ReactiveUI.SourceGenerators": "4.2.0",
          "Splat": "21.0.0"
        }
      },
      "ReactiveUI.Core": {
        "type": "Transitive",
        "resolved": "26.0.1",
        "contentHash": "rjUMGExdqKsVw85gLmsyhtwnSeGyOXagNjMfpW6R46W0izvJmJwAVrEllrLCqjaJJzlgE5RvnvQJWDInSqh4fQ==",
        "dependencies": {
          "ReactiveUI.Disposables": "9.0.0",
          "ReactiveUI.Primitives": "9.0.0",
          "ReactiveUI.Primitives.Core": "9.0.0",
          "ReactiveUI.SourceGenerators": "4.2.0",
          "Splat": "21.0.0"
        }
      },
      "ReactiveUI.Disposables": {
        "type": "Transitive",
        "resolved": "9.0.0",
        "contentHash": "gt5vQ9e7yP/qsv1DbTR9AdwViJwqoHseTwyI/7muKetJMDg60QUv7RZShMj3RIjF48LNiHKABtxPq+Or+42bbA=="
      },
      "ReactiveUI.Primitives": {
        "type": "Transitive",
        "resolved": "9.0.0",
        "contentHash": "WmfXpHHBun50DJwTHVDLcFyQIHN/WtaoYJ34GrByFW/CsWgOH0UyjC8h9nul551oRkIvbqBGy3xZiijNdchGRw==",
        "dependencies": {
          "ReactiveUI.Disposables": "9.0.0",
          "ReactiveUI.Primitives.Core": "9.0.0"
        }
      },
      "ReactiveUI.Primitives.Core": {
        "type": "Transitive",
        "resolved": "9.0.0",
        "contentHash": "alULlmIxJycMKxfZeadn5tjjRAP+9+qDX9ryOT9Tg5lQzn0SKQAnmhqMa+9l68ogexrEuK/fUc543KR+kGJCJg==",
        "dependencies": {
          "ReactiveUI.Disposables": "9.0.0"
        }
      },
      "Splat.Builder": {
        "type": "Transitive",
        "resolved": "21.0.0",
        "contentHash": "uUa2VtGjlz/fZrZkbor9uSysP68ZMpA17DbBrIxsbfaRUp6AOdkC5kcxmppx5uuCcG1mQ/wxvqIoYAN4RGrdCw==",
        "dependencies": {
          "ReactiveUI.Disposables": "7.1.0",
          "Splat.Core": "21.0.0"
        }
      },
      "Splat.Core": {
        "type": "Transitive",
        "resolved": "21.0.0",
        "contentHash": "MGsKsMti+M+y1Bq4t8TA/AMp47XGd8/fBhfEZ+EmxgaWLIzRZ2EGXRKEewLx8jKf2RKTqfjcX6hRhG58cU8EFg==",
        "dependencies": {
          "ReactiveUI.Disposables": "7.1.0"
        }
      },
      "Splat.Logging": {
        "type": "Transitive",
        "resolved": "21.0.0",
        "contentHash": "jNnsXXcbksP2rsOMeIFDzm0jputFm11S/1eQxq9U9+dQ7ES4zECl/q7EytG+Z1iogClr4LRDefMlnKiIi7CEsQ==",
        "dependencies": {
          "ReactiveUI.Disposables": "7.1.0",
          "Splat.Core": "21.0.0"
        }
      },
      "Runic.Application": {
        "type": "Project",
        "dependencies": {
          "Microsoft.Extensions.DependencyInjection.Abstractions": "[10.0.12, )",
          "Microsoft.Extensions.Logging.Abstractions": "[10.0.12, )",
          "Runic.Navigation": "[0.7.0-preview.4, )"
        }
      },
      "runic.navigation": {
        "type": "Project",
        "dependencies": {
          "Microsoft.Extensions.DependencyInjection.Abstractions": "[10.0.12, )",
          "Microsoft.Extensions.Logging.Abstractions": "[10.0.12, )"
        }
      },
      "Microsoft.Extensions.Logging.Abstractions": {
        "type": "CentralTransitive",
        "requested": "[10.0.12, )",
        "resolved": "10.0.12",
        "contentHash": "+24lC4plfbEDNfLAdTV/SWKS7dW+16X4HdydO3R++134kSNTzcbYA4KpR1Hdh6uWisB8Za3AzwyOn+K+NxWIug==",
        "dependencies": {
          "Microsoft.Extensions.DependencyInjection.Abstractions": "10.0.12"
        }
      },
      "ReactiveUI.Binding": {
        "type": "CentralTransitive",
        "requested": "[9.1.0, )",
        "resolved": "9.1.0",
        "contentHash": "uij1S1MQxQCG1zJTpxepsc7yt7NBTfxK24niyi9EGapneCulvjaArSy4DT3te/kuln9IubexhDo23QBt3VslZQ==",
        "dependencies": {
          "ReactiveUI.Primitives": "9.0.0",
          "Splat": "21.0.0"
        }
      },
      "ReactiveUI.SourceGenerators": {
        "type": "CentralTransitive",
        "requested": "[4.2.0, )",
        "resolved": "4.2.0",
        "contentHash": "hGXWz3yuC6kCLaLHsR+FwAetLlqAoDVY0nMeeRkzQS7yGbmrrPlZwxvcCBJMSbY+PAbEayeBAuezw6lzsXDBGg=="
      },
      "Splat": {
        "type": "CentralTransitive",
        "requested": "[21.0.0, )",
        "resolved": "21.0.0",
        "contentHash": "famvWFOGoZZ707Rf9EK6kpt+sqhRnky5n0F0X9at/QzWja8KUwEh6pDG/oM3nleyEIUwK1gi9Nw72fDHAsm+og==",
        "dependencies": {
          "ReactiveUI.Disposables": "7.1.0",
          "Splat.Builder": "21.0.0",
          "Splat.Logging": "21.0.0"
        }
      }
    }
  }
}