{
  "nodes": {
    "nixpkgs": {
      "locked": {
        "lastModified": 1783776592,
        "narHash": "sha256-UgCQzxeWI75XM8G+hPrPh+MKzEPjG3SpAj7dtqSbksA=",
        "owner": "NixOS",
        "repo": "nixpkgs",
        "rev": "e7a3ca8092b61ff85b6a45bf863ea2b2d6a661b3",
        "type": "github"
      },
      "original": {
        "owner": "NixOS",
        "ref": "nixos-unstable",
        "repo": "nixpkgs",
        "type": "github"
      }
    },
    "root": {
      "inputs": {
        "nixpkgs": "nixpkgs",
        "webui": "webui"
      }
    },
    "webui": {
      "flake": false,
      "locked": {
        "lastModified": 1786742607,
        "narHash": "sha256-G5jKzdqEOISkNmmGmXdZue5yrMn3a8P3JOAudSRlu9Y=",
        "owner": "webui-dev",
        "repo": "webui",
        "rev": "52f9e75b92faf9a23fd150b3c60051c4ec85fc69",
        "type": "github"
      },
      "original": {
        "owner": "webui-dev",
        "repo": "webui",
        "rev": "52f9e75b92faf9a23fd150b3c60051c4ec85fc69",
        "type": "github"
      }
    }
  },
  "root": "root",
  "version": 7
}
